
Microsoft Visual Studio Solution File, Format Version 12.00
# Visual Studio 15
VisualStudioVersion = 15.0.26206.0
MinimumVisualStudioVersion = 10.0.40219.1
Project("{FAE04EC0-301F-11D3-BF4B-00C04F79EFBC}") = "WebSitePerformanceTester", "sitemap\WebSitePerformanceTester.csproj", "{B5A0B4E1-4DDA-4427-8219-F5F0952A52AF}"
EndProject
Project("{FAE04EC0-301F-11D3-BF4B-00C04F79EFBC}") = "WebSitePerformanceTester.DataAccess", "sitemap.DataAccess\WebSitePerformanceTester.DataAccess.csproj", "{C9E7F459-A332-47DA-87B4-9EB5B56F788B}"
EndProject
Project("{FAE04EC0-301F-11D3-BF4B-00C04F79EFBC}") = "WebSitePerformanceTester.UnitTests", "simplemap.UnitTests\WebSitePerformanceTester.UnitTests.csproj", "{84FBA262-A740-4898-BF0E-8C578723FA78}"
EndProject
Global
	GlobalSection(SolutionConfigurationPlatforms) = preSolution
		Debug|Any CPU = Debug|Any CPU
		Release|Any CPU = Release|Any CPU
	EndGlobalSection
	GlobalSection(ProjectConfigurationPlatforms) = postSolution
		{B5A0B4E1-4DDA-4427-8219-F5F0952A52AF}.Debug|Any CPU.ActiveCfg = Debug|Any CPU
		{B5A0B4E1-4DDA-4427-8219-F5F0952A52AF}.Debug|Any CPU.Build.0 = Debug|Any CPU
		{B5A0B4E1-4DDA-4427-8219-F5F0952A52AF}.Release|Any CPU.ActiveCfg = Release|Any CPU
		{B5A0B4E1-4DDA-4427-8219-F5F0952A52AF}.Release|Any CPU.Build.0 = Release|Any CPU
		{C9E7F459-A332-47DA-87B4-9EB5B56F788B}.Debug|Any CPU.ActiveCfg = Debug|Any CPU
		{C9E7F459-A332-47DA-87B4-9EB5B56F788B}.Debug|Any CPU.Build.0 = Debug|Any CPU
		{C9E7F459-A332-47DA-87B4-9EB5B56F788B}.Release|Any CPU.ActiveCfg = Release|Any CPU
		{C9E7F459-A332-47DA-87B4-9EB5B56F788B}.Release|Any CPU.Build.0 = Release|Any CPU
		{84FBA262-A740-4898-BF0E-8C578723FA78}.Debug|Any CPU.ActiveCfg = Debug|Any CPU
		{84FBA262-A740-4898-BF0E-8C578723FA78}.Debug|Any CPU.Build.0 = Debug|Any CPU
		{84FBA262-A740-4898-BF0E-8C578723FA78}.Release|Any CPU.ActiveCfg = Release|Any CPU
		{84FBA262-A740-4898-BF0E-8C578723FA78}.Release|Any CPU.Build.0 = Release|Any CPU
	EndGlobalSection
	GlobalSection(SolutionProperties) = preSolution
		HideSolutionNode = FALSE
	EndGlobalSection
EndGlobal
